PODS:
  - ZegoExpressEngine (2.17.1.1):
    - ZegoExpressEngine/Video (= 2.17.1.1)
  - ZegoExpressEngine/Video (2.17.1.1)
  - ZIM (2.0.0)

DEPENDENCIES:
  - ZegoExpressEngine
  - ZIM (>= 2.0.0)

SPEC REPOS:
  trunk:
    - ZegoExpressEngine
    - ZIM

SPEC CHECKSUMS:
  ZegoExpressEngine: 718bfb624f56b10ac06705f18f8aba4ab12a4ade
  ZIM: c9c7606675f713a42e5a319519c7d0127b208907

PODFILE CHECKSUM: 687f18dff543904ca9b646e22bad6d3384ab3117

COCOAPODS: 1.11.2
