PODS:
  - ZegoExpressEngine (2.17.1.1):
    - ZegoExpressEngine/Video (= 2.17.1.1)
  - ZegoExpressEngine/Video (2.17.1.1)
  - ZIM (1.3.7)

DEPENDENCIES:
  - ZegoExpressEngine
  - ZIM

SPEC REPOS:
  trunk:
    - ZegoExpressEngine
    - ZIM

SPEC CHECKSUMS:
  ZegoExpressEngine: 718bfb624f56b10ac06705f18f8aba4ab12a4ade
  ZIM: c4cdde572d8846650d9be8ebfbe0beedc4644884

PODFILE CHECKSUM: 523640a059664d750dbf19594f12a69132a8182d

COCOAPODS: 1.11.2
