PODS:
  - ZegoExpressEngine (2.15.0):
    - ZegoExpressEngine/Video (= 2.15.0)
  - ZegoExpressEngine/Video (2.15.0)
  - ZIM (1.3.1)

DEPENDENCIES:
  - ZegoExpressEngine
  - ZIM

SPEC REPOS:
  trunk:
    - ZegoExpressEngine
    - ZIM

SPEC CHECKSUMS:
  ZegoExpressEngine: b3f8f173c5af47ee53caf29c6d62660118b63b97
  ZIM: b32bc4160e652509a879999a427ac2041f4988f0

PODFILE CHECKSUM: 9afb40fb7eb03af49597ce9b63e4d62ec99a302c

COCOAPODS: 1.11.2
